{
  "name": "mini_program_store",
  "version": "1.0.0",
  "lockfileVersion": 1,
  "requires": true,
  "dependencies": {
    "miniprogram-api-promise": {
      "version": "1.0.4",
      "resolved": "https://registry.npm.taobao.org/miniprogram-api-promise/download/miniprogram-api-promise-1.0.4.tgz",
      "integrity": "sha1-/v6bcpI/0x+IsSRjtQLLRXyJK0w="
    }
  }
}
